
Microsoft Visual Studio Solution File, Format Version 12.00
# Visual Studio Version 17
VisualStudioVersion = 17.8.34330.188
MinimumVisualStudioVersion = 10.0.40219.1
Project("{2150E333-8FDC-42A3-9474-1A3956D46DE8}") = "Solution Items", "Solution Items", "{E9681244-40DA-4FE1-B569-25778DCCB61C}"
	ProjectSection(SolutionItems) = preProject
		.gitignore = .gitignore
		README.md = README.md
	EndProjectSection
EndProject
Project("{FAE04EC0-301F-11D3-BF4B-00C04F79EFBC}") = "Bridge.Opera.Domain.Entities.Views", "Bridge.Opera.Domain.Entities.Views\Bridge.Opera.Domain.Entities.Views.csproj", "{3322F681-63A9-4FB0-85E7-9F7AE565850E}"
EndProject
Project("{FAE04EC0-301F-11D3-BF4B-00C04F79EFBC}") = "Bridge.Opera.Domain.Entities.Tables", "Bridge.Opera.Domain.Entities.Tables\Bridge.Opera.Domain.Entities.Tables.csproj", "{D1BDBE86-6864-414C-99EE-92ABBE555A7F}"
EndProject
Project("{FAE04EC0-301F-11D3-BF4B-00C04F79EFBC}") = "Bridge.Opera.Domain", "Bridge.Opera.Domain\Bridge.Opera.Domain.csproj", "{116AB18A-0659-4AAC-8010-1ED933D96845}"
EndProject
Global
	GlobalSection(SolutionConfigurationPlatforms) = preSolution
		Debug|Any CPU = Debug|Any CPU
		Release|Any CPU = Release|Any CPU
	EndGlobalSection
	GlobalSection(ProjectConfigurationPlatforms) = postSolution
		{3322F681-63A9-4FB0-85E7-9F7AE565850E}.Debug|Any CPU.ActiveCfg = Debug|Any CPU
		{3322F681-63A9-4FB0-85E7-9F7AE565850E}.Debug|Any CPU.Build.0 = Debug|Any CPU
		{3322F681-63A9-4FB0-85E7-9F7AE565850E}.Release|Any CPU.ActiveCfg = Release|Any CPU
		{3322F681-63A9-4FB0-85E7-9F7AE565850E}.Release|Any CPU.Build.0 = Release|Any CPU
		{D1BDBE86-6864-414C-99EE-92ABBE555A7F}.Debug|Any CPU.ActiveCfg = Debug|Any CPU
		{D1BDBE86-6864-414C-99EE-92ABBE555A7F}.Debug|Any CPU.Build.0 = Debug|Any CPU
		{D1BDBE86-6864-414C-99EE-92ABBE555A7F}.Release|Any CPU.ActiveCfg = Release|Any CPU
		{D1BDBE86-6864-414C-99EE-92ABBE555A7F}.Release|Any CPU.Build.0 = Release|Any CPU
		{116AB18A-0659-4AAC-8010-1ED933D96845}.Debug|Any CPU.ActiveCfg = Debug|Any CPU
		{116AB18A-0659-4AAC-8010-1ED933D96845}.Debug|Any CPU.Build.0 = Debug|Any CPU
		{116AB18A-0659-4AAC-8010-1ED933D96845}.Release|Any CPU.ActiveCfg = Release|Any CPU
		{116AB18A-0659-4AAC-8010-1ED933D96845}.Release|Any CPU.Build.0 = Release|Any CPU
	EndGlobalSection
	GlobalSection(SolutionProperties) = preSolution
		HideSolutionNode = FALSE
	EndGlobalSection
	GlobalSection(ExtensibilityGlobals) = postSolution
		SolutionGuid = {80F8BF23-D1CB-4942-A129-D6A71FA00143}
	EndGlobalSection
EndGlobal
